// !$*UTF8*$!
{
	archiveVersion = 1;
	classes = {
	};
	objectVersion = 50;
	objects = {

/* Begin PBXBuildFile section */
		97139B23243F817700BA4A66 /* AppDelegate.swift in Sources */ = {isa = PBXBuildFile; fileRef = 97139B22243F817700BA4A66 /* AppDelegate.swift */; };
		97139B27243F817700BA4A66 /* ViewController.swift in Sources */ = {isa = PBXBuildFile; fileRef = 97139B26243F817700BA4A66 /* ViewController.swift */; };
		97139B2A243F817700BA4A66 /* Main.storyboard in Resources */ = {isa = PBXBuildFile; fileRef = 97139B28243F817700BA4A66 /* Main.storyboard */; };
		97139B2C243F817A00BA4A66 /* Assets.xcassets in Resources */ = {isa = PBXBuildFile; fileRef = 97139B2B243F817A00BA4A66 /* Assets.xcassets */; };
		97139B2F243F817A00BA4A66 /* LaunchScreen.storyboard in Resources */ = {isa = PBXBuildFile; fileRef = 97139B2D243F817A00BA4A66 /* LaunchScreen.storyboard */; };
		97139B37243F821600BA4A66 /* 0793-building-a-mobile-application-using-the-ionic-framework.pdf in Resources */ = {isa = PBXBuildFile; fileRef = 97139B36243F821600BA4A66 /* 0793-building-a-mobile-application-using-the-ionic-framework.pdf */; };
/* End PBXBuildFile section */

/* Begin PBXFileReference section */
		97139B1F243F817700BA4A66 /* PDFKitDemo.app */ = {isa = PBXFileReference; explicitFileType = wrapper.application; includeInIndex = 0; path = PDFKitDemo.app; sourceTree = BUILT_PRODUCTS_DIR; };
		97139B22243F817700BA4A66 /* AppDelegate.swift */ = {isa = PBXFileReference; lastKnownFileType = sourcecode.swift; path = AppDelegate.swift; sourceTree = "<group>"; };
		97139B26243F817700BA4A66 /* ViewController.swift */ = {isa = PBXFileReference; lastKnownFileType = sourcecode.swift; path = ViewController.swift; sourceTree = "<group>"; };
		97139B29243F817700BA4A66 /* Base */ = {isa = PBXFileReference; lastKnownFileType = file.storyboard; name = Base; path = Base.lproj/Main.storyboard; sourceTree = "<group>"; };
		97139B2B243F817A00BA4A66 /* Assets.xcassets */ = {isa = PBXFileReference; lastKnownFileType = folder.assetcatalog; path = Assets.xcassets; sourceTree = "<group>"; };
		97139B2E243F817A00BA4A66 /* Base */ = {isa = PBXFileReference; lastKnownFileType = file.storyboard; name = Base; path = Base.lproj/LaunchScreen.storyboard; sourceTree = "<group>"; };
		97139B30243F817A00BA4A66 /* Info.plist */ = {isa = PBXFileReference; lastKnownFileType = text.plist.xml; path = Info.plist; sourceTree = "<group>"; };
		97139B36243F821600BA4A66 /* 0793-building-a-mobile-application-using-the-ionic-framework.pdf */ = {isa = PBXFileReference; lastKnownFileType = image.pdf; path = "0793-building-a-mobile-application-using-the-ionic-framework.pdf"; sourceTree = "<group>"; };
/* End PBXFileReference section */

/* Begin PBXFrameworksBuildPhase section */
		97139B1C243F817700BA4A66 /* Frameworks */ = {
			isa = PBXFrameworksBuildPhase;
			buildActionMask = 2147483647;
			files = (
			);
			runOnlyForDeploymentPostprocessing = 0;
		};
/* End PBXFrameworksBuildPhase section */

/* Begin PBXGroup section */
		97139B16243F817700BA4A66 = {
			isa = PBXGroup;
			children = (
				97139B21243F817700BA4A66 /* PDFKitDemo */,
				97139B20243F817700BA4A66 /* Products */,
			);
			sourceTree = "<group>";
		};
		97139B20243F817700BA4A66 /* Products */ = {
			isa = PBXGroup;
			children = (
				97139B1F243F817700BA4A66 /* PDFKitDemo.app */,
			);
			name = Products;
			sourceTree = "<group>";
		};
		97139B21243F817700BA4A66 /* PDFKitDemo */ = {
			isa = PBXGroup;
			children = (
				97139B22243F817700BA4A66 /* AppDelegate.swift */,
				97139B36243F821600BA4A66 /* 0793-building-a-mobile-application-using-the-ionic-framework.pdf */,
				97139B26243F817700BA4A66 /* ViewController.swift */,
				97139B28243F817700BA4A66 /* Main.storyboard */,
				97139B2B243F817A00BA4A66 /* Assets.xcassets */,
				97139B2D243F817A00BA4A66 /* LaunchScreen.storyboard */,
				97139B30243F817A00BA4A66 /* Info.plist */,
			);
			path = PDFKitDemo;
			sourceTree = "<group>";
		};
/* End PBXGroup section */

/* Begin PBXNativeTarget section */
		97139B1E243F817700BA4A66 /* PDFKitDemo */ = {
			isa = PBXNativeTarget;
			buildConfigurationList = 97139B33243F817A00BA4A66 /* Build configuration list for PBXNativeTarget "PDFKitDemo" */;
			buildPhases = (
				97139B1B243F817700BA4A66 /* Sources */,
				97139B1C243F817700BA4A66 /* Frameworks */,
				97139B1D243F817700BA4A66 /* Resources */,
			);
			buildRules = (
			);
			dependencies = (
			);
			name = PDFKitDemo;
			productName = PDFKitDemo;
			productReference = 97139B1F243F817700BA4A66 /* PDFKitDemo.app */;
			productType = "com.apple.product-type.application";
		};
/* End PBXNativeTarget section */

/* Begin PBXProject section */
		97139B17243F817700BA4A66 /* Project object */ = {
			isa = PBXProject;
			attributes = {
				LastSwiftUpdateCheck = 1140;
				LastUpgradeCheck = 1140;
				ORGANIZATIONNAME = "Puspank Kumar";
				TargetAttributes = {
					97139B1E243F817700BA4A66 = {
						CreatedOnToolsVersion = 11.4;
					};
				};
			};
			buildConfigurationList = 97139B1A243F817700BA4A66 /* Build configuration list for PBXProject "PDFKitDemo" */;
			compatibilityVersion = "Xcode 9.3";
			developmentRegion = en;
			hasScannedForEncodings = 0;
			knownRegions = (
				en,
				Base,
			);
			mainGroup = 97139B16243F817700BA4A66;
			productRefGroup = 97139B20243F817700BA4A66 /* Products */;
			projectDirPath = "";
			projectRoot = "";
			targets = (
				97139B1E243F817700BA4A66 /* PDFKitDemo */,
			);
		};
/* End PBXProject section */

/* Begin PBXResourcesBuildPhase section */
		97139B1D243F817700BA4A66 /* Resources */ = {
			isa = PBXResourcesBuildPhase;
			buildActionMask = 2147483647;
			files = (
				97139B2F243F817A00BA4A66 /* LaunchScreen.storyboard in Resources */,
				97139B2C243F817A00BA4A66 /* Assets.xcassets in Resources */,
				97139B37243F821600BA4A66 /* 0793-building-a-mobile-application-using-the-ionic-framework.pdf in Resources */,
				97139B2A243F817700BA4A66 /* Main.storyboard in Resources */,
			);
			runOnlyForDeploymentPostprocessing = 0;
		};
/* End PBXResourcesBuildPhase section */

/* Begin PBXSourcesBuildPhase section */
		97139B1B243F817700BA4A66 /* Sources */ = {
			isa = PBXSourcesBuildPhase;
			buildActionMask = 2147483647;
			files = (
				97139B27243F817700BA4A66 /* ViewController.swift in Sources */,
				97139B23243F817700BA4A66 /* AppDelegate.swift in Sources */,
			);
			runOnlyForDeploymentPostprocessing = 0;
		};
/* End PBXSourcesBuildPhase section */

/* Begin PBXVariantGroup section */
		97139B28243F817700BA4A66 /* Main.storyboard */ = {
			isa = PBXVariantGroup;
			children = (
				97139B29243F817700BA4A66 /* Base */,
			);
			name = Main.storyboard;
			sourceTree = "<group>";
		};
		97139B2D243F817A00BA4A66 /* LaunchScreen.storyboard */ = {
			isa = PBXVariantGroup;
			children = (
				97139B2E243F817A00BA4A66 /* Base */,
			);
			name = LaunchScreen.storyboard;
			sourceTree = "<group>";
		};
/* End PBXVariantGroup section */

/* Begin XCBuildConfiguration section */
		97139B31243F817A00BA4A66 /* Debug */ = {
			isa = XCBuildConfiguration;
			buildSettings = {
				ALWAYS_SEARCH_USER_PATHS = NO;
				CLANG_ANALYZER_NONNULL = YES;
				CLANG_ANALYZER_NUMBER_OBJECT_CONVERSION = YES_AGGRESSIVE;
				CLANG_CXX_LANGUAGE_STANDARD = "gnu++14";
				CLANG_CXX_LIBRARY = "libc++";
				CLANG_ENABLE_MODULES = YES;
				CLANG_ENABLE_OBJC_ARC = YES;
				CLANG_ENABLE_OBJC_WEAK = YES;
				CLANG_WARN_BLOCK_CAPTURE_AUTORELEASING = YES;
				CLANG_WARN_BOOL_CONVERSION = YES;
				CLANG_WARN_COMMA = YES;
				CLANG_WARN_CONSTANT_CONVERSION = YES;
				CLANG_WARN_DEPRECATED_OBJC_IMPLEMENTATIONS = YES;
				CLANG_WARN_DIRECT_OBJC_ISA_USAGE = YES_ERROR;
				CLANG_WARN_DOCUMENTATION_COMMENTS = YES;
				CLANG_WARN_EMPTY_BODY = YES;
				CLANG_WARN_ENUM_CONVERSION = YES;
				CLANG_WARN_INFINITE_RECURSION = YES;
				CLANG_WARN_INT_CONVERSION = YES;
				CLANG_WARN_NON_LITERAL_NULL_CONVERSION = YES;
				CLANG_WARN_OBJC_IMPLICIT_RETAIN_SELF = YES;
				CLANG_WARN_OBJC_LITERAL_CONVERSION = YES;
				CLANG_WARN_OBJC_ROOT_CLASS = YES_ERROR;
				CLANG_WARN_RANGE_LOOP_ANALYSIS = YES;
				CLANG_WARN_STRICT_PROTOTYPES = YES;
				CLANG_WARN_SUSPICIOUS_MOVE = YES;
				CLANG_WARN_UNGUARDED_AVAILABILITY = YES_AGGRESSIVE;
				CLANG_WARN_UNREACHABLE_CODE = YES;
				CLANG_WARN__DUPLICATE_METHOD_MATCH = YES;
				COPY_PHASE_STRIP = NO;
				DEBUG_INFORMATION_FORMAT = dwarf;
				ENABLE_STRICT_OBJC_MSGSEND = YES;
				ENABLE_TESTABILITY = YES;
				GCC_C_LANGUAGE_STANDARD = gnu11;
				GCC_DYNAMIC_NO_PIC = NO;
				GCC_NO_COMMON_BLOCKS = YES;
				GCC_OPTIMIZATION_LEVEL = 0;
				GCC_PREPROCESSOR_DEFINITIONS = (
					"DEBUG=1",
					"$(inherited)",
				);
				GCC_WARN_64_TO_32_BIT_CONVERSION = YES;
				GCC_WARN_ABOUT_RETURN_TYPE = YES_ERROR;
				GCC_WARN_UNDECLARED_SELECTOR = YES;
				GCC_WARN_UNINITIALIZED_AUTOS = YES_AGGRESSIVE;
				GCC_WARN_UNUSED_FUNCTION = YES;
				GCC_WARN_UNUSED_VARIABLE = YES;
				IPHONEOS_DEPLOYMENT_TARGET = 13.4;
				MTL_ENABLE_DEBUG_INFO = INCLUDE_SOURCE;
				MTL_FAST_MATH = YES;
				ONLY_ACTIVE_ARCH = YES;
				SDKROOT = iphoneos;
				SWIFT_ACTIVE_COMPILATION_CONDITIONS = DEBUG;
				SWIFT_OPTIMIZATION_LEVEL = "-Onone";
			};
			name = Debug;
		};
		97139B32243F817A00BA4A66 /* Release */ = {
			isa = XCBuildConfiguration;
			buildSettings = {
				ALWAYS_SEARCH_USER_PATHS = NO;
				CLANG_ANALYZER_NONNULL = YES;
				CLANG_ANALYZER_NUMBER_OBJECT_CONVERSION = YES_AGGRESSIVE;
				CLANG_CXX_LANGUAGE_STANDARD = "gnu++14";
				CLANG_CXX_LIBRARY = "libc++";
				CLANG_ENABLE_MODULES = YES;
				CLANG_ENABLE_OBJC_ARC = YES;
				CLANG_ENABLE_OBJC_WEAK = YES;
				CLANG_WARN_BLOCK_CAPTURE_AUTORELEASING = YES;
				CLANG_WARN_BOOL_CONVERSION = YES;
				CLANG_WARN_COMMA = YES;
				CLANG_WARN_CONSTANT_CONVERSION = YES;
				CLANG_WARN_DEPRECATED_OBJC_IMPLEMENTATIONS = YES;
				CLANG_WARN_DIRECT_OBJC_ISA_USAGE = YES_ERROR;
				CLANG_WARN_DOCUMENTATION_COMMENTS = YES;
				CLANG_WARN_EMPTY_BODY = YES;
				CLANG_WARN_ENUM_CONVERSION = YES;
				CLANG_WARN_INFINITE_RECURSION = YES;
				CLANG_WARN_INT_CONVERSION = YES;
				CLANG_WARN_NON_LITERAL_NULL_CONVERSION = YES;
				CLANG_WARN_OBJC_IMPLICIT_RETAIN_SELF = YES;
				CLANG_WARN_OBJC_LITERAL_CONVERSION = YES;
				CLANG_WARN_OBJC_ROOT_CLASS = YES_ERROR;
				CLANG_WARN_RANGE_LOOP_ANALYSIS = YES;
				CLANG_WARN_STRICT_PROTOTYPES = YES;
				CLANG_WARN_SUSPICIOUS_MOVE = YES;
				CLANG_WARN_UNGUARDED_AVAILABILITY = YES_AGGRESSIVE;
				CLANG_WARN_UNREACHABLE_CODE = YES;
				CLANG_WARN__DUPLICATE_METHOD_MATCH = YES;
				COPY_PHASE_STRIP = NO;
				DEBUG_INFORMATION_FORMAT = "dwarf-with-dsym";
				ENABLE_NS_ASSERTIONS = NO;
				ENABLE_STRICT_OBJC_MSGSEND = YES;
				GCC_C_LANGUAGE_STANDARD = gnu11;
				GCC_NO_COMMON_BLOCKS = YES;
				GCC_WARN_64_TO_32_BIT_CONVERSION = YES;
				GCC_WARN_ABOUT_RETURN_TYPE = YES_ERROR;
				GCC_WARN_UNDECLARED_SELECTOR = YES;
				GCC_WARN_UNINITIALIZED_AUTOS = YES_AGGRESSIVE;
				GCC_WARN_UNUSED_FUNCTION = YES;
				GCC_WARN_UNUSED_VARIABLE = YES;
				IPHONEOS_DEPLOYMENT_TARGET = 13.4;
				MTL_ENABLE_DEBUG_INFO = NO;
				MTL_FAST_MATH = YES;
				SDKROOT = iphoneos;
				SWIFT_COMPILATION_MODE = wholemodule;
				SWIFT_OPTIMIZATION_LEVEL = "-O";
				VALIDATE_PRODUCT = YES;
			};
			name = Release;
		};
		97139B34243F817A00BA4A66 /* Debug */ = {
			isa = XCBuildConfiguration;
			buildSettings = {
				ASSETCATALOG_COMPILER_APPICON_NAME = AppIcon;
				CODE_SIGN_STYLE = Automatic;
				DEVELOPMENT_TEAM = J4MFZ26949;
				INFOPLIST_FILE = PDFKitDemo/Info.plist;
				IPHONEOS_DEPLOYMENT_TARGET = 13.0;
				LD_RUNPATH_SEARCH_PATHS = (
					"$(inherited)",
					"@executable_path/Frameworks",
				);
				PRODUCT_BUNDLE_IDENTIFIER = pushpank.PDFKitDemo;
				PRODUCT_NAME = "$(TARGET_NAME)";
				SWIFT_VERSION = 5.0;
				TARGETED_DEVICE_FAMILY = "1,2";
			};
			name = Debug;
		};
		97139B35243F817A00BA4A66 /* Release */ = {
			isa = XCBuildConfiguration;
			buildSettings = {
				ASSETCATALOG_COMPILER_APPICON_NAME = AppIcon;
				CODE_SIGN_STYLE = Automatic;
				DEVELOPMENT_TEAM = J4MFZ26949;
				INFOPLIST_FILE = PDFKitDemo/Info.plist;
				IPHONEOS_DEPLOYMENT_TARGET = 13.0;
				LD_RUNPATH_SEARCH_PATHS = (
					"$(inherited)",
					"@executable_path/Frameworks",
				);
				PRODUCT_BUNDLE_IDENTIFIER = pushpank.PDFKitDemo;
				PRODUCT_NAME = "$(TARGET_NAME)";
				SWIFT_VERSION = 5.0;
				TARGETED_DEVICE_FAMILY = "1,2";
			};
			name = Release;
		};
/* End XCBuildConfiguration section */

/* Begin XCConfigurationList section */
		97139B1A243F817700BA4A66 /* Build configuration list for PBXProject "PDFKitDemo" */ = {
			isa = XCConfigurationList;
			buildConfigurations = (
				97139B31243F817A00BA4A66 /* Debug */,
				97139B32243F817A00BA4A66 /* Release */,
			);
			defaultConfigurationIsVisible = 0;
			defaultConfigurationName = Release;
		};
		97139B33243F817A00BA4A66 /* Build configuration list for PBXNativeTarget "PDFKitDemo" */ = {
			isa = XCConfigurationList;
			buildConfigurations = (
				97139B34243F817A00BA4A66 /* Debug */,
				97139B35243F817A00BA4A66 /* Release */,
			);
			defaultConfigurationIsVisible = 0;
			defaultConfigurationName = Release;
		};
/* End XCConfigurationList section */
	};
	rootObject = 97139B17243F817700BA4A66 /* Project object */;
}
